
Microsoft Visual Studio Solution File, Format Version 12.00
# Visual Studio 14
VisualStudioVersion = 14.0.25123.0
MinimumVisualStudioVersion = 10.0.40219.1
Project("{29DD5CA9-959B-4577-BE24-E5CF1AB2A546}") = "Sitecore.Support.95393.165781", "Sitecore.Support.95393.165781\Sitecore.Support.95393.165781.csproj", "{FFA9DD96-7EB5-46AA-A66B-871DAA4CA060}"
EndProject
Global
	GlobalSection(SolutionConfigurationPlatforms) = preSolution
		Debug|Any CPU = Debug|Any CPU
		Release|Any CPU = Release|Any CPU
	EndGlobalSection
	GlobalSection(ProjectConfigurationPlatforms) = postSolution
		{FFA9DD96-7EB5-46AA-A66B-871DAA4CA060}.Debug|Any CPU.ActiveCfg = Debug|Any CPU
		{FFA9DD96-7EB5-46AA-A66B-871DAA4CA060}.Debug|Any CPU.Build.0 = Debug|Any CPU
		{FFA9DD96-7EB5-46AA-A66B-871DAA4CA060}.Release|Any CPU.ActiveCfg = Release|Any CPU
		{FFA9DD96-7EB5-46AA-A66B-871DAA4CA060}.Release|Any CPU.Build.0 = Release|Any CPU
	EndGlobalSection
	GlobalSection(SolutionProperties) = preSolution
		HideSolutionNode = FALSE
	EndGlobalSection
EndGlobal
